
Microsoft Visual Studio Solution File, Format Version 12.00
# Visual Studio Version 17
VisualStudioVersion = 17.0.31919.166
MinimumVisualStudioVersion = 10.0.40219.1
Project("{8BC9CEB8-8B4A-11D0-8D11-00A0C91BC942}") = "C++", "C++.vcxproj", "{8CFF5959-668D-443F-8754-A000A24FF0BD}"
EndProject
Global
	GlobalSection(SolutionConfigurationPlatforms) = preSolution
		Debug|x64 = Debug|x64
		Debug|x86 = Debug|x86
		Release|x64 = Release|x64
		Release|x86 = Release|x86
	EndGlobalSection
	GlobalSection(ProjectConfigurationPlatforms) = postSolution
		{8CFF5959-668D-443F-8754-A000A24FF0BD}.Debug|x64.ActiveCfg = Debug|x64
		{8CFF5959-668D-443F-8754-A000A24FF0BD}.Debug|x64.Build.0 = Debug|x64
		{8CFF5959-668D-443F-8754-A000A24FF0BD}.Debug|x86.ActiveCfg = Debug|Win32
		{8CFF5959-668D-443F-8754-A000A24FF0BD}.Debug|x86.Build.0 = Debug|Win32
		{8CFF5959-668D-443F-8754-A000A24FF0BD}.Release|x64.ActiveCfg = Release|x64
		{8CFF5959-668D-443F-8754-A000A24FF0BD}.Release|x64.Build.0 = Release|x64
		{8CFF5959-668D-443F-8754-A000A24FF0BD}.Release|x86.ActiveCfg = Release|Win32
		{8CFF5959-668D-443F-8754-A000A24FF0BD}.Release|x86.Build.0 = Release|Win32
	EndGlobalSection
	GlobalSection(SolutionProperties) = preSolution
		HideSolutionNode = FALSE
	EndGlobalSection
	GlobalSection(ExtensibilityGlobals) = postSolution
		SolutionGuid = {3489873A-3B51-4631-B137-A1FF6BB56AE3}
	EndGlobalSection
EndGlobal
